
Microsoft Visual Studio Solution File, Format Version 12.00
# Visual Studio Version 17
VisualStudioVersion = 17.14.36603.0
MinimumVisualStudioVersion = 10.0.40219.1
Project("{8BC9CEB8-8B4A-11D0-8D11-00A0C91BC942}") = "esimerkki_1", "esimerkki_1\esimerkki_1.vcxproj", "{EA254AEE-8211-4A7B-95E8-CCD98E9B4336}"
EndProject
Project("{8BC9CEB8-8B4A-11D0-8D11-00A0C91BC942}") = "tehtava1", "tehtava1\tehtava1.vcxproj", "{1D497E1A-CF79-46A6-9B8A-A6A0E673B00B}"
EndProject
Project("{8BC9CEB8-8B4A-11D0-8D11-00A0C91BC942}") = "2.3", "2.3\2.3.vcxproj", "{C7A6E255-D318-4647-A79E-E7F2A1541B1D}"
EndProject
Project("{8BC9CEB8-8B4A-11D0-8D11-00A0C91BC942}") = "3.3 Hemoglobiini", "3.3 Hemoglobiini\3.3 Hemoglobiini.vcxproj", "{8D5BDBB9-F3F9-4499-95F7-CD236D79C59D}"
EndProject
Project("{8BC9CEB8-8B4A-11D0-8D11-00A0C91BC942}") = "3.4 karkausvuosi", "3.4 karkausvuosi\3.4 karkausvuosi.vcxproj", "{D082C7DB-0201-4816-8ECF-C941498C0628}"
EndProject
Project("{8BC9CEB8-8B4A-11D0-8D11-00A0C91BC942}") = "4.1 Kolmella Jaolliset", "4.1 Kolmella Jaolliset\4.1 Kolmella Jaolliset.vcxproj", "{A13681A2-3982-4824-A378-F13D8A57F471}"
EndProject
Project("{8BC9CEB8-8B4A-11D0-8D11-00A0C91BC942}") = "4.2 tuumat", "4.2 tuumat\4.2 tuumat.vcxproj", "{924868F3-750E-4453-B4F5-D785E92B0E5A}"
EndProject
Project("{8BC9CEB8-8B4A-11D0-8D11-00A0C91BC942}") = "6.3 Gallonat", "6.3 Gallonat\6.3 Gallonat.vcxproj", "{8CADBA71-8C7A-4BEC-8B98-8E46BD91AD3F}"
EndProject
Project("{8BC9CEB8-8B4A-11D0-8D11-00A0C91BC942}") = "esimerkki2_osoittimet", "esimerkki2_osoittimet\esimerkki2_osoittimet.vcxproj", "{D17DB325-717E-49FA-8D29-59C4BAAB0989}"
EndProject
Project("{8BC9CEB8-8B4A-11D0-8D11-00A0C91BC942}") = "tehtävä2_1", "tehtävä2_1\tehtävä2_1.vcxproj", "{082FC4EB-85A3-44ED-8E38-327DB5C01460}"
EndProject
Project("{8BC9CEB8-8B4A-11D0-8D11-00A0C91BC942}") = "tehtävä2_2", "tehtävä2_2\tehtävä2_2.vcxproj", "{89A7043C-9778-46BF-AE1F-E96386BEB387}"
EndProject
Project("{8BC9CEB8-8B4A-11D0-8D11-00A0C91BC942}") = "tehtävä2_3", "tehtävä2_3\tehtävä2_3.vcxproj", "{7DED8D7A-3B5E-4A04-9511-088627C3E66D}"
EndProject
Project("{8BC9CEB8-8B4A-11D0-8D11-00A0C91BC942}") = "tehtävä2_4", "tehtävä2_4\tehtävä2_4.vcxproj", "{80C0CBEF-8B93-47E2-96DB-8098EB9B2A44}"
EndProject
Project("{8BC9CEB8-8B4A-11D0-8D11-00A0C91BC942}") = "tehtävä2_5", "tehtävä2_5\tehtävä2_5.vcxproj", "{C2DF25D3-AA10-4EF7-9DD9-1FED07F484EB}"
EndProject
Project("{8BC9CEB8-8B4A-11D0-8D11-00A0C91BC942}") = "tehtävä2_6", "tehtävä2_6\tehtävä2_6.vcxproj", "{10BB1181-4AF5-469C-8C85-05F49E2FFB09}"
EndProject
Project("{8BC9CEB8-8B4A-11D0-8D11-00A0C91BC942}") = "06Tunti_01", "06Tunti_01\06Tunti_01.vcxproj", "{16117F14-68DF-4975-B942-DAEEE6C80184}"
EndProject
Project("{8BC9CEB8-8B4A-11D0-8D11-00A0C91BC942}") = "06Tunti_02", "06Tunti_02\06Tunti_02.vcxproj", "{F888B173-C47F-485F-81B4-84D9CC006246}"
EndProject
Project("{8BC9CEB8-8B4A-11D0-8D11-00A0C91BC942}") = "06Tunti_03", "06Tunti_03\06Tunti_03.vcxproj", "{AA1143B5-E9EF-4598-AB07-62CB2B2A3A83}"
EndProject
Project("{8BC9CEB8-8B4A-11D0-8D11-00A0C91BC942}") = "06Tunti_04", "06Tunti_04\06Tunti_04.vcxproj", "{F3AC0571-2F68-4AA8-A718-8E192B9A8F48}"
EndProject
Project("{8BC9CEB8-8B4A-11D0-8D11-00A0C91BC942}") = "06Tunti_05", "06Tunti_05\06Tunti_05.vcxproj", "{18050E5D-5CBA-440F-9CE6-E3155DCF3D44}"
EndProject
Global
	GlobalSection(SolutionConfigurationPlatforms) = preSolution
		Debug|x64 = Debug|x64
		Debug|x86 = Debug|x86
		Release|x64 = Release|x64
		Release|x86 = Release|x86
	EndGlobalSection
	GlobalSection(ProjectConfigurationPlatforms) = postSolution
		{EA254AEE-8211-4A7B-95E8-CCD98E9B4336}.Debug|x64.ActiveCfg = Debug|x64
		{EA254AEE-8211-4A7B-95E8-CCD98E9B4336}.Debug|x64.Build.0 = Debug|x64
		{EA254AEE-8211-4A7B-95E8-CCD98E9B4336}.Debug|x86.ActiveCfg = Debug|Win32
		{EA254AEE-8211-4A7B-95E8-CCD98E9B4336}.Debug|x86.Build.0 = Debug|Win32
		{EA254AEE-8211-4A7B-95E8-CCD98E9B4336}.Release|x64.ActiveCfg = Release|x64
		{EA254AEE-8211-4A7B-95E8-CCD98E9B4336}.Release|x64.Build.0 = Release|x64
		{EA254AEE-8211-4A7B-95E8-CCD98E9B4336}.Release|x86.ActiveCfg = Release|Win32
		{EA254AEE-8211-4A7B-95E8-CCD98E9B4336}.Release|x86.Build.0 = Release|Win32
		{1D497E1A-CF79-46A6-9B8A-A6A0E673B00B}.Debug|x64.ActiveCfg = Debug|x64
		{1D497E1A-CF79-46A6-9B8A-A6A0E673B00B}.Debug|x64.Build.0 = Debug|x64
		{1D497E1A-CF79-46A6-9B8A-A6A0E673B00B}.Debug|x86.ActiveCfg = Debug|Win32
		{1D497E1A-CF79-46A6-9B8A-A6A0E673B00B}.Debug|x86.Build.0 = Debug|Win32
		{1D497E1A-CF79-46A6-9B8A-A6A0E673B00B}.Release|x64.ActiveCfg = Release|x64
		{1D497E1A-CF79-46A6-9B8A-A6A0E673B00B}.Release|x64.Build.0 = Release|x64
		{1D497E1A-CF79-46A6-9B8A-A6A0E673B00B}.Release|x86.ActiveCfg = Release|Win32
		{1D497E1A-CF79-46A6-9B8A-A6A0E673B00B}.Release|x86.Build.0 = Release|Win32
		{C7A6E255-D318-4647-A79E-E7F2A1541B1D}.Debug|x64.ActiveCfg = Debug|x64
		{C7A6E255-D318-4647-A79E-E7F2A1541B1D}.Debug|x64.Build.0 = Debug|x64
		{C7A6E255-D318-4647-A79E-E7F2A1541B1D}.Debug|x86.ActiveCfg = Debug|Win32
		{C7A6E255-D318-4647-A79E-E7F2A1541B1D}.Debug|x86.Build.0 = Debug|Win32
		{C7A6E255-D318-4647-A79E-E7F2A1541B1D}.Release|x64.ActiveCfg = Release|x64
		{C7A6E255-D318-4647-A79E-E7F2A1541B1D}.Release|x64.Build.0 = Release|x64
		{C7A6E255-D318-4647-A79E-E7F2A1541B1D}.Release|x86.ActiveCfg = Release|Win32
		{C7A6E255-D318-4647-A79E-E7F2A1541B1D}.Release|x86.Build.0 = Release|Win32
		{8D5BDBB9-F3F9-4499-95F7-CD236D79C59D}.Debug|x64.ActiveCfg = Debug|x64
		{8D5BDBB9-F3F9-4499-95F7-CD236D79C59D}.Debug|x64.Build.0 = Debug|x64
		{8D5BDBB9-F3F9-4499-95F7-CD236D79C59D}.Debug|x86.ActiveCfg = Debug|Win32
		{8D5BDBB9-F3F9-4499-95F7-CD236D79C59D}.Debug|x86.Build.0 = Debug|Win32
		{8D5BDBB9-F3F9-4499-95F7-CD236D79C59D}.Release|x64.ActiveCfg = Release|x64
		{8D5BDBB9-F3F9-4499-95F7-CD236D79C59D}.Release|x64.Build.0 = Release|x64
		{8D5BDBB9-F3F9-4499-95F7-CD236D79C59D}.Release|x86.ActiveCfg = Release|Win32
		{8D5BDBB9-F3F9-4499-95F7-CD236D79C59D}.Release|x86.Build.0 = Release|Win32
		{D082C7DB-0201-4816-8ECF-C941498C0628}.Debug|x64.ActiveCfg = Debug|x64
		{D082C7DB-0201-4816-8ECF-C941498C0628}.Debug|x64.Build.0 = Debug|x64
		{D082C7DB-0201-4816-8ECF-C941498C0628}.Debug|x86.ActiveCfg = Debug|Win32
		{D082C7DB-0201-4816-8ECF-C941498C0628}.Debug|x86.Build.0 = Debug|Win32
		{D082C7DB-0201-4816-8ECF-C941498C0628}.Release|x64.ActiveCfg = Release|x64
		{D082C7DB-0201-4816-8ECF-C941498C0628}.Release|x64.Build.0 = Release|x64
		{D082C7DB-0201-4816-8ECF-C941498C0628}.Release|x86.ActiveCfg = Release|Win32
		{D082C7DB-0201-4816-8ECF-C941498C0628}.Release|x86.Build.0 = Release|Win32
		{A13681A2-3982-4824-A378-F13D8A57F471}.Debug|x64.ActiveCfg = Debug|x64
		{A13681A2-3982-4824-A378-F13D8A57F471}.Debug|x64.Build.0 = Debug|x64
		{A13681A2-3982-4824-A378-F13D8A57F471}.Debug|x86.ActiveCfg = Debug|Win32
		{A13681A2-3982-4824-A378-F13D8A57F471}.Debug|x86.Build.0 = Debug|Win32
		{A13681A2-3982-4824-A378-F13D8A57F471}.Release|x64.ActiveCfg = Release|x64
		{A13681A2-3982-4824-A378-F13D8A57F471}.Release|x64.Build.0 = Release|x64
		{A13681A2-3982-4824-A378-F13D8A57F471}.Release|x86.ActiveCfg = Release|Win32
		{A13681A2-3982-4824-A378-F13D8A57F471}.Release|x86.Build.0 = Release|Win32
		{924868F3-750E-4453-B4F5-D785E92B0E5A}.Debug|x64.ActiveCfg = Debug|x64
		{924868F3-750E-4453-B4F5-D785E92B0E5A}.Debug|x64.Build.0 = Debug|x64
		{924868F3-750E-4453-B4F5-D785E92B0E5A}.Debug|x86.ActiveCfg = Debug|Win32
		{924868F3-750E-4453-B4F5-D785E92B0E5A}.Debug|x86.Build.0 = Debug|Win32
		{924868F3-750E-4453-B4F5-D785E92B0E5A}.Release|x64.ActiveCfg = Release|x64
		{924868F3-750E-4453-B4F5-D785E92B0E5A}.Release|x64.Build.0 = Release|x64
		{924868F3-750E-4453-B4F5-D785E92B0E5A}.Release|x86.ActiveCfg = Release|Win32
		{924868F3-750E-4453-B4F5-D785E92B0E5A}.Release|x86.Build.0 = Release|Win32
		{8CADBA71-8C7A-4BEC-8B98-8E46BD91AD3F}.Debug|x64.ActiveCfg = Debug|x64
		{8CADBA71-8C7A-4BEC-8B98-8E46BD91AD3F}.Debug|x64.Build.0 = Debug|x64
		{8CADBA71-8C7A-4BEC-8B98-8E46BD91AD3F}.Debug|x86.ActiveCfg = Debug|Win32
		{8CADBA71-8C7A-4BEC-8B98-8E46BD91AD3F}.Debug|x86.Build.0 = Debug|Win32
		{8CADBA71-8C7A-4BEC-8B98-8E46BD91AD3F}.Release|x64.ActiveCfg = Release|x64
		{8CADBA71-8C7A-4BEC-8B98-8E46BD91AD3F}.Release|x64.Build.0 = Release|x64
		{8CADBA71-8C7A-4BEC-8B98-8E46BD91AD3F}.Release|x86.ActiveCfg = Release|Win32
		{8CADBA71-8C7A-4BEC-8B98-8E46BD91AD3F}.Release|x86.Build.0 = Release|Win32
		{D17DB325-717E-49FA-8D29-59C4BAAB0989}.Debug|x64.ActiveCfg = Debug|x64
		{D17DB325-717E-49FA-8D29-59C4BAAB0989}.Debug|x64.Build.0 = Debug|x64
		{D17DB325-717E-49FA-8D29-59C4BAAB0989}.Debug|x86.ActiveCfg = Debug|Win32
		{D17DB325-717E-49FA-8D29-59C4BAAB0989}.Debug|x86.Build.0 = Debug|Win32
		{D17DB325-717E-49FA-8D29-59C4BAAB0989}.Release|x64.ActiveCfg = Release|x64
		{D17DB325-717E-49FA-8D29-59C4BAAB0989}.Release|x64.Build.0 = Release|x64
		{D17DB325-717E-49FA-8D29-59C4BAAB0989}.Release|x86.ActiveCfg = Release|Win32
		{D17DB325-717E-49FA-8D29-59C4BAAB0989}.Release|x86.Build.0 = Release|Win32
		{082FC4EB-85A3-44ED-8E38-327DB5C01460}.Debug|x64.ActiveCfg = Debug|x64
		{082FC4EB-85A3-44ED-8E38-327DB5C01460}.Debug|x64.Build.0 = Debug|x64
		{082FC4EB-85A3-44ED-8E38-327DB5C01460}.Debug|x86.ActiveCfg = Debug|Win32
		{082FC4EB-85A3-44ED-8E38-327DB5C01460}.Debug|x86.Build.0 = Debug|Win32
		{082FC4EB-85A3-44ED-8E38-327DB5C01460}.Release|x64.ActiveCfg = Release|x64
		{082FC4EB-85A3-44ED-8E38-327DB5C01460}.Release|x64.Build.0 = Release|x64
		{082FC4EB-85A3-44ED-8E38-327DB5C01460}.Release|x86.ActiveCfg = Release|Win32
		{082FC4EB-85A3-44ED-8E38-327DB5C01460}.Release|x86.Build.0 = Release|Win32
		{89A7043C-9778-46BF-AE1F-E96386BEB387}.Debug|x64.ActiveCfg = Debug|x64
		{89A7043C-9778-46BF-AE1F-E96386BEB387}.Debug|x64.Build.0 = Debug|x64
		{89A7043C-9778-46BF-AE1F-E96386BEB387}.Debug|x86.ActiveCfg = Debug|Win32
		{89A7043C-9778-46BF-AE1F-E96386BEB387}.Debug|x86.Build.0 = Debug|Win32
		{89A7043C-9778-46BF-AE1F-E96386BEB387}.Release|x64.ActiveCfg = Release|x64
		{89A7043C-9778-46BF-AE1F-E96386BEB387}.Release|x64.Build.0 = Release|x64
		{89A7043C-9778-46BF-AE1F-E96386BEB387}.Release|x86.ActiveCfg = Release|Win32
		{89A7043C-9778-46BF-AE1F-E96386BEB387}.Release|x86.Build.0 = Release|Win32
		{7DED8D7A-3B5E-4A04-9511-088627C3E66D}.Debug|x64.ActiveCfg = Debug|x64
		{7DED8D7A-3B5E-4A04-9511-088627C3E66D}.Debug|x64.Build.0 = Debug|x64
		{7DED8D7A-3B5E-4A04-9511-088627C3E66D}.Debug|x86.ActiveCfg = Debug|Win32
		{7DED8D7A-3B5E-4A04-9511-088627C3E66D}.Debug|x86.Build.0 = Debug|Win32
		{7DED8D7A-3B5E-4A04-9511-088627C3E66D}.Release|x64.ActiveCfg = Release|x64
		{7DED8D7A-3B5E-4A04-9511-088627C3E66D}.Release|x64.Build.0 = Release|x64
		{7DED8D7A-3B5E-4A04-9511-088627C3E66D}.Release|x86.ActiveCfg = Release|Win32
		{7DED8D7A-3B5E-4A04-9511-088627C3E66D}.Release|x86.Build.0 = Release|Win32
		{80C0CBEF-8B93-47E2-96DB-8098EB9B2A44}.Debug|x64.ActiveCfg = Debug|x64
		{80C0CBEF-8B93-47E2-96DB-8098EB9B2A44}.Debug|x64.Build.0 = Debug|x64
		{80C0CBEF-8B93-47E2-96DB-8098EB9B2A44}.Debug|x86.ActiveCfg = Debug|Win32
		{80C0CBEF-8B93-47E2-96DB-8098EB9B2A44}.Debug|x86.Build.0 = Debug|Win32
		{80C0CBEF-8B93-47E2-96DB-8098EB9B2A44}.Release|x64.ActiveCfg = Release|x64
		{80C0CBEF-8B93-47E2-96DB-8098EB9B2A44}.Release|x64.Build.0 = Release|x64
		{80C0CBEF-8B93-47E2-96DB-8098EB9B2A44}.Release|x86.ActiveCfg = Release|Win32
		{80C0CBEF-8B93-47E2-96DB-8098EB9B2A44}.Release|x86.Build.0 = Release|Win32
		{C2DF25D3-AA10-4EF7-9DD9-1FED07F484EB}.Debug|x64.ActiveCfg = Debug|x64
		{C2DF25D3-AA10-4EF7-9DD9-1FED07F484EB}.Debug|x64.Build.0 = Debug|x64
		{C2DF25D3-AA10-4EF7-9DD9-1FED07F484EB}.Debug|x86.ActiveCfg = Debug|Win32
		{C2DF25D3-AA10-4EF7-9DD9-1FED07F484EB}.Debug|x86.Build.0 = Debug|Win32
		{C2DF25D3-AA10-4EF7-9DD9-1FED07F484EB}.Release|x64.ActiveCfg = Release|x64
		{C2DF25D3-AA10-4EF7-9DD9-1FED07F484EB}.Release|x64.Build.0 = Release|x64
		{C2DF25D3-AA10-4EF7-9DD9-1FED07F484EB}.Release|x86.ActiveCfg = Release|Win32
		{C2DF25D3-AA10-4EF7-9DD9-1FED07F484EB}.Release|x86.Build.0 = Release|Win32
		{10BB1181-4AF5-469C-8C85-05F49E2FFB09}.Debug|x64.ActiveCfg = Debug|x64
		{10BB1181-4AF5-469C-8C85-05F49E2FFB09}.Debug|x64.Build.0 = Debug|x64
		{10BB1181-4AF5-469C-8C85-05F49E2FFB09}.Debug|x86.ActiveCfg = Debug|Win32
		{10BB1181-4AF5-469C-8C85-05F49E2FFB09}.Debug|x86.Build.0 = Debug|Win32
		{10BB1181-4AF5-469C-8C85-05F49E2FFB09}.Release|x64.ActiveCfg = Release|x64
		{10BB1181-4AF5-469C-8C85-05F49E2FFB09}.Release|x64.Build.0 = Release|x64
		{10BB1181-4AF5-469C-8C85-05F49E2FFB09}.Release|x86.ActiveCfg = Release|Win32
		{10BB1181-4AF5-469C-8C85-05F49E2FFB09}.Release|x86.Build.0 = Release|Win32
		{16117F14-68DF-4975-B942-DAEEE6C80184}.Debug|x64.ActiveCfg = Debug|x64
		{16117F14-68DF-4975-B942-DAEEE6C80184}.Debug|x64.Build.0 = Debug|x64
		{16117F14-68DF-4975-B942-DAEEE6C80184}.Debug|x86.ActiveCfg = Debug|Win32
		{16117F14-68DF-4975-B942-DAEEE6C80184}.Debug|x86.Build.0 = Debug|Win32
		{16117F14-68DF-4975-B942-DAEEE6C80184}.Release|x64.ActiveCfg = Release|x64
		{16117F14-68DF-4975-B942-DAEEE6C80184}.Release|x64.Build.0 = Release|x64
		{16117F14-68DF-4975-B942-DAEEE6C80184}.Release|x86.ActiveCfg = Release|Win32
		{16117F14-68DF-4975-B942-DAEEE6C80184}.Release|x86.Build.0 = Release|Win32
		{F888B173-C47F-485F-81B4-84D9CC006246}.Debug|x64.ActiveCfg = Debug|x64
		{F888B173-C47F-485F-81B4-84D9CC006246}.Debug|x64.Build.0 = Debug|x64
		{F888B173-C47F-485F-81B4-84D9CC006246}.Debug|x86.ActiveCfg = Debug|Win32
		{F888B173-C47F-485F-81B4-84D9CC006246}.Debug|x86.Build.0 = Debug|Win32
		{F888B173-C47F-485F-81B4-84D9CC006246}.Release|x64.ActiveCfg = Release|x64
		{F888B173-C47F-485F-81B4-84D9CC006246}.Release|x64.Build.0 = Release|x64
		{F888B173-C47F-485F-81B4-84D9CC006246}.Release|x86.ActiveCfg = Release|Win32
		{F888B173-C47F-485F-81B4-84D9CC006246}.Release|x86.Build.0 = Release|Win32
		{AA1143B5-E9EF-4598-AB07-62CB2B2A3A83}.Debug|x64.ActiveCfg = Debug|x64
		{AA1143B5-E9EF-4598-AB07-62CB2B2A3A83}.Debug|x64.Build.0 = Debug|x64
		{AA1143B5-E9EF-4598-AB07-62CB2B2A3A83}.Debug|x86.ActiveCfg = Debug|Win32
		{AA1143B5-E9EF-4598-AB07-62CB2B2A3A83}.Debug|x86.Build.0 = Debug|Win32
		{AA1143B5-E9EF-4598-AB07-62CB2B2A3A83}.Release|x64.ActiveCfg = Release|x64
		{AA1143B5-E9EF-4598-AB07-62CB2B2A3A83}.Release|x64.Build.0 = Release|x64
		{AA1143B5-E9EF-4598-AB07-62CB2B2A3A83}.Release|x86.ActiveCfg = Release|Win32
		{AA1143B5-E9EF-4598-AB07-62CB2B2A3A83}.Release|x86.Build.0 = Release|Win32
		{F3AC0571-2F68-4AA8-A718-8E192B9A8F48}.Debug|x64.ActiveCfg = Debug|x64
		{F3AC0571-2F68-4AA8-A718-8E192B9A8F48}.Debug|x64.Build.0 = Debug|x64
		{F3AC0571-2F68-4AA8-A718-8E192B9A8F48}.Debug|x86.ActiveCfg = Debug|Win32
		{F3AC0571-2F68-4AA8-A718-8E192B9A8F48}.Debug|x86.Build.0 = Debug|Win32
		{F3AC0571-2F68-4AA8-A718-8E192B9A8F48}.Release|x64.ActiveCfg = Release|x64
		{F3AC0571-2F68-4AA8-A718-8E192B9A8F48}.Release|x64.Build.0 = Release|x64
		{F3AC0571-2F68-4AA8-A718-8E192B9A8F48}.Release|x86.ActiveCfg = Release|Win32
		{F3AC0571-2F68-4AA8-A718-8E192B9A8F48}.Release|x86.Build.0 = Release|Win32
		{18050E5D-5CBA-440F-9CE6-E3155DCF3D44}.Debug|x64.ActiveCfg = Debug|x64
		{18050E5D-5CBA-440F-9CE6-E3155DCF3D44}.Debug|x64.Build.0 = Debug|x64
		{18050E5D-5CBA-440F-9CE6-E3155DCF3D44}.Debug|x86.ActiveCfg = Debug|Win32
		{18050E5D-5CBA-440F-9CE6-E3155DCF3D44}.Debug|x86.Build.0 = Debug|Win32
		{18050E5D-5CBA-440F-9CE6-E3155DCF3D44}.Release|x64.ActiveCfg = Release|x64
		{18050E5D-5CBA-440F-9CE6-E3155DCF3D44}.Release|x64.Build.0 = Release|x64
		{18050E5D-5CBA-440F-9CE6-E3155DCF3D44}.Release|x86.ActiveCfg = Release|Win32
		{18050E5D-5CBA-440F-9CE6-E3155DCF3D44}.Release|x86.Build.0 = Release|Win32
	EndGlobalSection
	GlobalSection(SolutionProperties) = preSolution
		HideSolutionNode = FALSE
	EndGlobalSection
	GlobalSection(ExtensibilityGlobals) = postSolution
		SolutionGuid = {93364080-43C9-47B0-B766-F2421AA3A61D}
	EndGlobalSection
EndGlobal
