
Microsoft Visual Studio Solution File, Format Version 12.00
# Visual Studio Version 17
VisualStudioVersion = 17.14.36603.0
MinimumVisualStudioVersion = 10.0.40219.1
Project("{8BC9CEB8-8B4A-11D0-8D11-00A0C91BC942}") = "esimerkki_1", "esimerkki_1\esimerkki_1.vcxproj", "{EA254AEE-8211-4A7B-95E8-CCD98E9B4336}"
EndProject
Project("{8BC9CEB8-8B4A-11D0-8D11-00A0C91BC942}") = "tehtava1", "tehtava1\tehtava1.vcxproj", "{1D497E1A-CF79-46A6-9B8A-A6A0E673B00B}"
EndProject
Project("{8BC9CEB8-8B4A-11D0-8D11-00A0C91BC942}") = "2.3", "2.3\2.3.vcxproj", "{C7A6E255-D318-4647-A79E-E7F2A1541B1D}"
EndProject
Project("{8BC9CEB8-8B4A-11D0-8D11-00A0C91BC942}") = "3.3 Hemoglobiini", "3.3 Hemoglobiini\3.3 Hemoglobiini.vcxproj", "{8D5BDBB9-F3F9-4499-95F7-CD236D79C59D}"
EndProject
Project("{8BC9CEB8-8B4A-11D0-8D11-00A0C91BC942}") = "3.4 karkausvuosi", "3.4 karkausvuosi\3.4 karkausvuosi.vcxproj", "{D082C7DB-0201-4816-8ECF-C941498C0628}"
EndProject
Project("{8BC9CEB8-8B4A-11D0-8D11-00A0C91BC942}") = "4.1 Kolmella Jaolliset", "4.1 Kolmella Jaolliset\4.1 Kolmella Jaolliset.vcxproj", "{A13681A2-3982-4824-A378-F13D8A57F471}"
EndProject
Project("{8BC9CEB8-8B4A-11D0-8D11-00A0C91BC942}") = "4.2 tuumat", "4.2 tuumat\4.2 tuumat.vcxproj", "{924868F3-750E-4453-B4F5-D785E92B0E5A}"
EndProject
Project("{8BC9CEB8-8B4A-11D0-8D11-00A0C91BC942}") = "6.3 Gallonat", "6.3 Gallonat\6.3 Gallonat.vcxproj", "{8CADBA71-8C7A-4BEC-8B98-8E46BD91AD3F}"
EndProject
Global
	GlobalSection(SolutionConfigurationPlatforms) = preSolution
		Debug|x64 = Debug|x64
		Debug|x86 = Debug|x86
		Release|x64 = Release|x64
		Release|x86 = Release|x86
	EndGlobalSection
	GlobalSection(ProjectConfigurationPlatforms) = postSolution
		{EA254AEE-8211-4A7B-95E8-CCD98E9B4336}.Debug|x64.ActiveCfg = Debug|x64
		{EA254AEE-8211-4A7B-95E8-CCD98E9B4336}.Debug|x64.Build.0 = Debug|x64
		{EA254AEE-8211-4A7B-95E8-CCD98E9B4336}.Debug|x86.ActiveCfg = Debug|Win32
		{EA254AEE-8211-4A7B-95E8-CCD98E9B4336}.Debug|x86.Build.0 = Debug|Win32
		{EA254AEE-8211-4A7B-95E8-CCD98E9B4336}.Release|x64.ActiveCfg = Release|x64
		{EA254AEE-8211-4A7B-95E8-CCD98E9B4336}.Release|x64.Build.0 = Release|x64
		{EA254AEE-8211-4A7B-95E8-CCD98E9B4336}.Release|x86.ActiveCfg = Release|Win32
		{EA254AEE-8211-4A7B-95E8-CCD98E9B4336}.Release|x86.Build.0 = Release|Win32
		{1D497E1A-CF79-46A6-9B8A-A6A0E673B00B}.Debug|x64.ActiveCfg = Debug|x64
		{1D497E1A-CF79-46A6-9B8A-A6A0E673B00B}.Debug|x64.Build.0 = Debug|x64
		{1D497E1A-CF79-46A6-9B8A-A6A0E673B00B}.Debug|x86.ActiveCfg = Debug|Win32
		{1D497E1A-CF79-46A6-9B8A-A6A0E673B00B}.Debug|x86.Build.0 = Debug|Win32
		{1D497E1A-CF79-46A6-9B8A-A6A0E673B00B}.Release|x64.ActiveCfg = Release|x64
		{1D497E1A-CF79-46A6-9B8A-A6A0E673B00B}.Release|x64.Build.0 = Release|x64
		{1D497E1A-CF79-46A6-9B8A-A6A0E673B00B}.Release|x86.ActiveCfg = Release|Win32
		{1D497E1A-CF79-46A6-9B8A-A6A0E673B00B}.Release|x86.Build.0 = Release|Win32
		{C7A6E255-D318-4647-A79E-E7F2A1541B1D}.Debug|x64.ActiveCfg = Debug|x64
		{C7A6E255-D318-4647-A79E-E7F2A1541B1D}.Debug|x64.Build.0 = Debug|x64
		{C7A6E255-D318-4647-A79E-E7F2A1541B1D}.Debug|x86.ActiveCfg = Debug|Win32
		{C7A6E255-D318-4647-A79E-E7F2A1541B1D}.Debug|x86.Build.0 = Debug|Win32
		{C7A6E255-D318-4647-A79E-E7F2A1541B1D}.Release|x64.ActiveCfg = Release|x64
		{C7A6E255-D318-4647-A79E-E7F2A1541B1D}.Release|x64.Build.0 = Release|x64
		{C7A6E255-D318-4647-A79E-E7F2A1541B1D}.Release|x86.ActiveCfg = Release|Win32
		{C7A6E255-D318-4647-A79E-E7F2A1541B1D}.Release|x86.Build.0 = Release|Win32
		{8D5BDBB9-F3F9-4499-95F7-CD236D79C59D}.Debug|x64.ActiveCfg = Debug|x64
		{8D5BDBB9-F3F9-4499-95F7-CD236D79C59D}.Debug|x64.Build.0 = Debug|x64
		{8D5BDBB9-F3F9-4499-95F7-CD236D79C59D}.Debug|x86.ActiveCfg = Debug|Win32
		{8D5BDBB9-F3F9-4499-95F7-CD236D79C59D}.Debug|x86.Build.0 = Debug|Win32
		{8D5BDBB9-F3F9-4499-95F7-CD236D79C59D}.Release|x64.ActiveCfg = Release|x64
		{8D5BDBB9-F3F9-4499-95F7-CD236D79C59D}.Release|x64.Build.0 = Release|x64
		{8D5BDBB9-F3F9-4499-95F7-CD236D79C59D}.Release|x86.ActiveCfg = Release|Win32
		{8D5BDBB9-F3F9-4499-95F7-CD236D79C59D}.Release|x86.Build.0 = Release|Win32
		{D082C7DB-0201-4816-8ECF-C941498C0628}.Debug|x64.ActiveCfg = Debug|x64
		{D082C7DB-0201-4816-8ECF-C941498C0628}.Debug|x64.Build.0 = Debug|x64
		{D082C7DB-0201-4816-8ECF-C941498C0628}.Debug|x86.ActiveCfg = Debug|Win32
		{D082C7DB-0201-4816-8ECF-C941498C0628}.Debug|x86.Build.0 = Debug|Win32
		{D082C7DB-0201-4816-8ECF-C941498C0628}.Release|x64.ActiveCfg = Release|x64
		{D082C7DB-0201-4816-8ECF-C941498C0628}.Release|x64.Build.0 = Release|x64
		{D082C7DB-0201-4816-8ECF-C941498C0628}.Release|x86.ActiveCfg = Release|Win32
		{D082C7DB-0201-4816-8ECF-C941498C0628}.Release|x86.Build.0 = Release|Win32
		{A13681A2-3982-4824-A378-F13D8A57F471}.Debug|x64.ActiveCfg = Debug|x64
		{A13681A2-3982-4824-A378-F13D8A57F471}.Debug|x64.Build.0 = Debug|x64
		{A13681A2-3982-4824-A378-F13D8A57F471}.Debug|x86.ActiveCfg = Debug|Win32
		{A13681A2-3982-4824-A378-F13D8A57F471}.Debug|x86.Build.0 = Debug|Win32
		{A13681A2-3982-4824-A378-F13D8A57F471}.Release|x64.ActiveCfg = Release|x64
		{A13681A2-3982-4824-A378-F13D8A57F471}.Release|x64.Build.0 = Release|x64
		{A13681A2-3982-4824-A378-F13D8A57F471}.Release|x86.ActiveCfg = Release|Win32
		{A13681A2-3982-4824-A378-F13D8A57F471}.Release|x86.Build.0 = Release|Win32
		{924868F3-750E-4453-B4F5-D785E92B0E5A}.Debug|x64.ActiveCfg = Debug|x64
		{924868F3-750E-4453-B4F5-D785E92B0E5A}.Debug|x64.Build.0 = Debug|x64
		{924868F3-750E-4453-B4F5-D785E92B0E5A}.Debug|x86.ActiveCfg = Debug|Win32
		{924868F3-750E-4453-B4F5-D785E92B0E5A}.Debug|x86.Build.0 = Debug|Win32
		{924868F3-750E-4453-B4F5-D785E92B0E5A}.Release|x64.ActiveCfg = Release|x64
		{924868F3-750E-4453-B4F5-D785E92B0E5A}.Release|x64.Build.0 = Release|x64
		{924868F3-750E-4453-B4F5-D785E92B0E5A}.Release|x86.ActiveCfg = Release|Win32
		{924868F3-750E-4453-B4F5-D785E92B0E5A}.Release|x86.Build.0 = Release|Win32
		{8CADBA71-8C7A-4BEC-8B98-8E46BD91AD3F}.Debug|x64.ActiveCfg = Debug|x64
		{8CADBA71-8C7A-4BEC-8B98-8E46BD91AD3F}.Debug|x64.Build.0 = Debug|x64
		{8CADBA71-8C7A-4BEC-8B98-8E46BD91AD3F}.Debug|x86.ActiveCfg = Debug|Win32
		{8CADBA71-8C7A-4BEC-8B98-8E46BD91AD3F}.Debug|x86.Build.0 = Debug|Win32
		{8CADBA71-8C7A-4BEC-8B98-8E46BD91AD3F}.Release|x64.ActiveCfg = Release|x64
		{8CADBA71-8C7A-4BEC-8B98-8E46BD91AD3F}.Release|x64.Build.0 = Release|x64
		{8CADBA71-8C7A-4BEC-8B98-8E46BD91AD3F}.Release|x86.ActiveCfg = Release|Win32
		{8CADBA71-8C7A-4BEC-8B98-8E46BD91AD3F}.Release|x86.Build.0 = Release|Win32
	EndGlobalSection
	GlobalSection(SolutionProperties) = preSolution
		HideSolutionNode = FALSE
	EndGlobalSection
	GlobalSection(ExtensibilityGlobals) = postSolution
		SolutionGuid = {93364080-43C9-47B0-B766-F2421AA3A61D}
	EndGlobalSection
EndGlobal
